
Microsoft Visual Studio Solution File, Format Version 12.00
# Visual Studio Version 17
VisualStudioVersion = 17.0.32014.148
MinimumVisualStudioVersion = 10.0.40219.1
Project("{9A19103F-16F7-4668-BE54-9A1E7A4F7556}") = "SmallMenu", "SmallMenu\SmallMenu.csproj", "{021A2992-FA88-4511-A76D-6080EFA8B499}"
EndProject
Project("{2150E333-8FDC-42A3-9474-1A3956D46DE8}") = "Solution Items", "Solution Items", "{81DEF4D4-A126-4A4D-B648-D7B576510163}"
	ProjectSection(SolutionItems) = preProject
		.editorconfig = .editorconfig
	EndProjectSection
EndProject
Global
	GlobalSection(SolutionConfigurationPlatforms) = preSolution
		Debug|Any CPU = Debug|Any CPU
		Release|Any CPU = Release|Any CPU
	EndGlobalSection
	GlobalSection(ProjectConfigurationPlatforms) = postSolution
		{021A2992-FA88-4511-A76D-6080EFA8B499}.Debug|Any CPU.ActiveCfg = Debug|Any CPU
		{021A2992-FA88-4511-A76D-6080EFA8B499}.Debug|Any CPU.Build.0 = Debug|Any CPU
		{021A2992-FA88-4511-A76D-6080EFA8B499}.Release|Any CPU.ActiveCfg = Release|Any CPU
		{021A2992-FA88-4511-A76D-6080EFA8B499}.Release|Any CPU.Build.0 = Release|Any CPU
	EndGlobalSection
	GlobalSection(SolutionProperties) = preSolution
		HideSolutionNode = FALSE
	EndGlobalSection
	GlobalSection(ExtensibilityGlobals) = postSolution
		SolutionGuid = {FB6D2ACA-C035-4391-B5D6-BD2AF8D902C6}
	EndGlobalSection
EndGlobal
